
Microsoft Visual Studio Solution File, Format Version 12.00
# Visual Studio 15
VisualStudioVersion = 15.0.28307.705
MinimumVisualStudioVersion = 10.0.40219.1
Project("{8BC9CEB8-8B4A-11D0-8D11-00A0C91BC942}") = "Project94", "Project94\Project94.vcxproj", "{20919053-544B-453A-8D0B-E7FAE83CF367}"
EndProject
Global
	GlobalSection(SolutionConfigurationPlatforms) = preSolution
		Debug|x64 = Debug|x64
		Debug|x86 = Debug|x86
		Release|x64 = Release|x64
		Release|x86 = Release|x86
	EndGlobalSection
	GlobalSection(ProjectConfigurationPlatforms) = postSolution
		{20919053-544B-453A-8D0B-E7FAE83CF367}.Debug|x64.ActiveCfg = Debug|x64
		{20919053-544B-453A-8D0B-E7FAE83CF367}.Debug|x64.Build.0 = Debug|x64
		{20919053-544B-453A-8D0B-E7FAE83CF367}.Debug|x86.ActiveCfg = Debug|Win32
		{20919053-544B-453A-8D0B-E7FAE83CF367}.Debug|x86.Build.0 = Debug|Win32
		{20919053-544B-453A-8D0B-E7FAE83CF367}.Release|x64.ActiveCfg = Release|x64
		{20919053-544B-453A-8D0B-E7FAE83CF367}.Release|x64.Build.0 = Release|x64
		{20919053-544B-453A-8D0B-E7FAE83CF367}.Release|x86.ActiveCfg = Release|Win32
		{20919053-544B-453A-8D0B-E7FAE83CF367}.Release|x86.Build.0 = Release|Win32
	EndGlobalSection
	GlobalSection(SolutionProperties) = preSolution
		HideSolutionNode = FALSE
	EndGlobalSection
	GlobalSection(ExtensibilityGlobals) = postSolution
		SolutionGuid = {54F2C800-C875-4310-ACC3-99C5E9EBAD5B}
	EndGlobalSection
EndGlobal
